
Microsoft Visual Studio Solution File, Format Version 12.00
# Visual Studio Version 17
VisualStudioVersion = 17.14.36511.14
MinimumVisualStudioVersion = 10.0.40219.1
Project("{FAE04EC0-301F-11D3-BF4B-00C04F79EFBC}") = "TrimKit.EventBus", "TrimKit.EventBus\TrimKit.EventBus.csproj", "{0FC56318-FBD1-443E-BF3D-92FFC6CF75E1}"
EndProject
Project("{FAE04EC0-301F-11D3-BF4B-00C04F79EFBC}") = "EventBusTest", "EventBusTest\EventBusTest.csproj", "{7FDEAC96-6234-40EE-A749-73D7B2C225B5}"
EndProject
Project("{2150E333-8FDC-42A3-9474-1A3956D46DE8}") = "Solution Items", "Solution Items", "{8EC462FD-D22E-90A8-E5CE-7E832BA40C5D}"
	ProjectSection(SolutionItems) = preProject
		LICENSE = LICENSE
		README.md = README.md
	EndProjectSection
EndProject
Global
	GlobalSection(SolutionConfigurationPlatforms) = preSolution
		Debug|Any CPU = Debug|Any CPU
		Release|Any CPU = Release|Any CPU
	EndGlobalSection
	GlobalSection(ProjectConfigurationPlatforms) = postSolution
		{0FC56318-FBD1-443E-BF3D-92FFC6CF75E1}.Debug|Any CPU.ActiveCfg = Debug|Any CPU
		{0FC56318-FBD1-443E-BF3D-92FFC6CF75E1}.Debug|Any CPU.Build.0 = Debug|Any CPU
		{0FC56318-FBD1-443E-BF3D-92FFC6CF75E1}.Release|Any CPU.ActiveCfg = Release|Any CPU
		{0FC56318-FBD1-443E-BF3D-92FFC6CF75E1}.Release|Any CPU.Build.0 = Release|Any CPU
		{7FDEAC96-6234-40EE-A749-73D7B2C225B5}.Debug|Any CPU.ActiveCfg = Debug|Any CPU
		{7FDEAC96-6234-40EE-A749-73D7B2C225B5}.Debug|Any CPU.Build.0 = Debug|Any CPU
		{7FDEAC96-6234-40EE-A749-73D7B2C225B5}.Release|Any CPU.ActiveCfg = Release|Any CPU
		{7FDEAC96-6234-40EE-A749-73D7B2C225B5}.Release|Any CPU.Build.0 = Release|Any CPU
	EndGlobalSection
	GlobalSection(SolutionProperties) = preSolution
		HideSolutionNode = FALSE
	EndGlobalSection
	GlobalSection(ExtensibilityGlobals) = postSolution
		SolutionGuid = {0A8E71D4-4AA0-49C9-AF4E-B3E5B9CF3642}
	EndGlobalSection
EndGlobal
